
Microsoft Visual Studio Solution File, Format Version 12.00
# Visual Studio Version 17
VisualStudioVersion = 17.3.32929.385
MinimumVisualStudioVersion = 10.0.40219.1
Project("{8BC9CEB8-8B4A-11D0-8D11-00A0C91BC942}") = "CVHide", "CVHide\CVHide.vcxproj", "{062CB708-969A-4A0D-8A4C-3C2ADE786BCA}"
EndProject
Project("{8BC9CEB8-8B4A-11D0-8D11-00A0C91BC942}") = "CVHideDrv", "CVHideDrv\CVHideDrv.vcxproj", "{1B2A7FD5-27DE-4C1E-B1CA-9B732A690671}"
EndProject
Project("{8BC9CEB8-8B4A-11D0-8D11-00A0C91BC942}") = "CVHideGUI", "CVHideGUI\CVHideGUI.vcxproj", "{86641CD2-9317-4093-82BC-4C91BDFEDD33}"
EndProject
Global
	GlobalSection(SolutionConfigurationPlatforms) = preSolution
		Debug|x64 = Debug|x64
		Debug|x86 = Debug|x86
		Release|x64 = Release|x64
		Release|x86 = Release|x86
	EndGlobalSection
	GlobalSection(ProjectConfigurationPlatforms) = postSolution
		{062CB708-969A-4A0D-8A4C-3C2ADE786BCA}.Debug|x64.ActiveCfg = Debug|x64
		{062CB708-969A-4A0D-8A4C-3C2ADE786BCA}.Debug|x64.Build.0 = Debug|x64
		{062CB708-969A-4A0D-8A4C-3C2ADE786BCA}.Debug|x86.ActiveCfg = Debug|Win32
		{062CB708-969A-4A0D-8A4C-3C2ADE786BCA}.Debug|x86.Build.0 = Debug|Win32
		{062CB708-969A-4A0D-8A4C-3C2ADE786BCA}.Release|x64.ActiveCfg = Release|x64
		{062CB708-969A-4A0D-8A4C-3C2ADE786BCA}.Release|x64.Build.0 = Release|x64
		{062CB708-969A-4A0D-8A4C-3C2ADE786BCA}.Release|x86.ActiveCfg = Release|Win32
		{062CB708-969A-4A0D-8A4C-3C2ADE786BCA}.Release|x86.Build.0 = Release|Win32
		{1B2A7FD5-27DE-4C1E-B1CA-9B732A690671}.Debug|x64.ActiveCfg = Debug|x64
		{1B2A7FD5-27DE-4C1E-B1CA-9B732A690671}.Debug|x64.Build.0 = Debug|x64
		{1B2A7FD5-27DE-4C1E-B1CA-9B732A690671}.Debug|x64.Deploy.0 = Debug|x64
		{1B2A7FD5-27DE-4C1E-B1CA-9B732A690671}.Debug|x86.ActiveCfg = Debug|x64
		{1B2A7FD5-27DE-4C1E-B1CA-9B732A690671}.Release|x64.ActiveCfg = Release|x64
		{1B2A7FD5-27DE-4C1E-B1CA-9B732A690671}.Release|x64.Build.0 = Release|x64
		{1B2A7FD5-27DE-4C1E-B1CA-9B732A690671}.Release|x64.Deploy.0 = Release|x64
		{1B2A7FD5-27DE-4C1E-B1CA-9B732A690671}.Release|x86.ActiveCfg = Release|x64
		{86641CD2-9317-4093-82BC-4C91BDFEDD33}.Debug|x64.ActiveCfg = Debug|x64
		{86641CD2-9317-4093-82BC-4C91BDFEDD33}.Debug|x64.Build.0 = Debug|x64
		{86641CD2-9317-4093-82BC-4C91BDFEDD33}.Debug|x86.ActiveCfg = Debug|Win32
		{86641CD2-9317-4093-82BC-4C91BDFEDD33}.Debug|x86.Build.0 = Debug|Win32
		{86641CD2-9317-4093-82BC-4C91BDFEDD33}.Release|x64.ActiveCfg = Release|x64
		{86641CD2-9317-4093-82BC-4C91BDFEDD33}.Release|x64.Build.0 = Release|x64
		{86641CD2-9317-4093-82BC-4C91BDFEDD33}.Release|x86.ActiveCfg = Release|Win32
		{86641CD2-9317-4093-82BC-4C91BDFEDD33}.Release|x86.Build.0 = Release|Win32
	EndGlobalSection
	GlobalSection(SolutionProperties) = preSolution
		HideSolutionNode = FALSE
	EndGlobalSection
	GlobalSection(ExtensibilityGlobals) = postSolution
		SolutionGuid = {76619BE2-56D9-493D-AB43-205FF39B24D1}
	EndGlobalSection
EndGlobal
